
Microsoft Visual Studio Solution File, Format Version 12.00
# Visual Studio Version 17
VisualStudioVersion = 17.1.32210.238
MinimumVisualStudioVersion = 10.0.40219.1
Project("{FAE04EC0-301F-11D3-BF4B-00C04F79EFBC}") = "Dto", "Dto\Dto.csproj", "{17FC7C58-8F9A-437B-8BC0-6BF2EB093C5D}"
EndProject
Project("{FAE04EC0-301F-11D3-BF4B-00C04F79EFBC}") = "Entities", "Entities\Entities.csproj", "{D5EC08FE-069E-4965-813A-09FEE6F5DD77}"
EndProject
Project("{FAE04EC0-301F-11D3-BF4B-00C04F79EFBC}") = "Queries", "Queries\Queries.csproj", "{7E935A9B-B756-4D49-AE28-0A3B7301B16B}"
EndProject
Project("{FAE04EC0-301F-11D3-BF4B-00C04F79EFBC}") = "WebAPI", "WebAPI\WebAPI.csproj", "{E99DF820-35EF-4F56-AD79-D9A3EFB9DD88}"
EndProject
Global
	GlobalSection(SolutionConfigurationPlatforms) = preSolution
		Debug|Any CPU = Debug|Any CPU
		Release|Any CPU = Release|Any CPU
	EndGlobalSection
	GlobalSection(ProjectConfigurationPlatforms) = postSolution
		{17FC7C58-8F9A-437B-8BC0-6BF2EB093C5D}.Debug|Any CPU.ActiveCfg = Debug|Any CPU
		{17FC7C58-8F9A-437B-8BC0-6BF2EB093C5D}.Debug|Any CPU.Build.0 = Debug|Any CPU
		{17FC7C58-8F9A-437B-8BC0-6BF2EB093C5D}.Release|Any CPU.ActiveCfg = Release|Any CPU
		{17FC7C58-8F9A-437B-8BC0-6BF2EB093C5D}.Release|Any CPU.Build.0 = Release|Any CPU
		{D5EC08FE-069E-4965-813A-09FEE6F5DD77}.Debug|Any CPU.ActiveCfg = Debug|Any CPU
		{D5EC08FE-069E-4965-813A-09FEE6F5DD77}.Debug|Any CPU.Build.0 = Debug|Any CPU
		{D5EC08FE-069E-4965-813A-09FEE6F5DD77}.Release|Any CPU.ActiveCfg = Release|Any CPU
		{D5EC08FE-069E-4965-813A-09FEE6F5DD77}.Release|Any CPU.Build.0 = Release|Any CPU
		{7E935A9B-B756-4D49-AE28-0A3B7301B16B}.Debug|Any CPU.ActiveCfg = Debug|Any CPU
		{7E935A9B-B756-4D49-AE28-0A3B7301B16B}.Debug|Any CPU.Build.0 = Debug|Any CPU
		{7E935A9B-B756-4D49-AE28-0A3B7301B16B}.Release|Any CPU.ActiveCfg = Release|Any CPU
		{7E935A9B-B756-4D49-AE28-0A3B7301B16B}.Release|Any CPU.Build.0 = Release|Any CPU
		{E99DF820-35EF-4F56-AD79-D9A3EFB9DD88}.Debug|Any CPU.ActiveCfg = Debug|Any CPU
		{E99DF820-35EF-4F56-AD79-D9A3EFB9DD88}.Debug|Any CPU.Build.0 = Debug|Any CPU
		{E99DF820-35EF-4F56-AD79-D9A3EFB9DD88}.Release|Any CPU.ActiveCfg = Release|Any CPU
		{E99DF820-35EF-4F56-AD79-D9A3EFB9DD88}.Release|Any CPU.Build.0 = Release|Any CPU
	EndGlobalSection
	GlobalSection(SolutionProperties) = preSolution
		HideSolutionNode = FALSE
	EndGlobalSection
	GlobalSection(ExtensibilityGlobals) = postSolution
		SolutionGuid = {12E6C9C3-91EB-492B-9E6C-E31A7966061F}
	EndGlobalSection
EndGlobal
